
Microsoft Visual Studio Solution File, Format Version 12.00
# Visual Studio Version 16
VisualStudioVersion = 16.0.28803.156
MinimumVisualStudioVersion = 10.0.40219.1
Project("{FAE04EC0-301F-11D3-BF4B-00C04F79EFBC}") = "CapaDatos", "CapaDatos\CapaDatos.csproj", "{065307C2-386C-4FD7-B042-115020A346E6}"
EndProject
Project("{FAE04EC0-301F-11D3-BF4B-00C04F79EFBC}") = "CapaNegocio", "CapaNegocio\CapaNegocio.csproj", "{B2A3F05E-4552-4B8E-A58B-09007E490816}"
EndProject
Global
	GlobalSection(SolutionConfigurationPlatforms) = preSolution
		Debug|Any CPU = Debug|Any CPU
		Release|Any CPU = Release|Any CPU
	EndGlobalSection
	GlobalSection(ProjectConfigurationPlatforms) = postSolution
		{065307C2-386C-4FD7-B042-115020A346E6}.Debug|Any CPU.ActiveCfg = Debug|Any CPU
		{065307C2-386C-4FD7-B042-115020A346E6}.Debug|Any CPU.Build.0 = Debug|Any CPU
		{065307C2-386C-4FD7-B042-115020A346E6}.Release|Any CPU.ActiveCfg = Release|Any CPU
		{065307C2-386C-4FD7-B042-115020A346E6}.Release|Any CPU.Build.0 = Release|Any CPU
		{B2A3F05E-4552-4B8E-A58B-09007E490816}.Debug|Any CPU.ActiveCfg = Debug|Any CPU
		{B2A3F05E-4552-4B8E-A58B-09007E490816}.Debug|Any CPU.Build.0 = Debug|Any CPU
		{B2A3F05E-4552-4B8E-A58B-09007E490816}.Release|Any CPU.ActiveCfg = Release|Any CPU
		{B2A3F05E-4552-4B8E-A58B-09007E490816}.Release|Any CPU.Build.0 = Release|Any CPU
	EndGlobalSection
	GlobalSection(SolutionProperties) = preSolution
		HideSolutionNode = FALSE
	EndGlobalSection
	GlobalSection(ExtensibilityGlobals) = postSolution
		SolutionGuid = {62A76D2B-7961-49A4-972C-46BE2CBBE501}
	EndGlobalSection
EndGlobal
